
Microsoft Visual Studio Solution File, Format Version 12.00
# Visual Studio 14
VisualStudioVersion = 14.0.25123.0
MinimumVisualStudioVersion = 10.0.40219.1
Project("{FAE04EC0-301F-11D3-BF4B-00C04F79EFBC}") = "Lesson2", "Lesson2\Lesson2.csproj", "{4BE13F8F-199F-4E74-AB59-D3F05B374BC5}"
EndProject
Global
	GlobalSection(SolutionConfigurationPlatforms) = preSolution
		Debug|Any CPU = Debug|Any CPU
		Release|Any CPU = Release|Any CPU
	EndGlobalSection
	GlobalSection(ProjectConfigurationPlatforms) = postSolution
		{4BE13F8F-199F-4E74-AB59-D3F05B374BC5}.Debug|Any CPU.ActiveCfg = Debug|Any CPU
		{4BE13F8F-199F-4E74-AB59-D3F05B374BC5}.Debug|Any CPU.Build.0 = Debug|Any CPU
		{4BE13F8F-199F-4E74-AB59-D3F05B374BC5}.Release|Any CPU.ActiveCfg = Release|Any CPU
		{4BE13F8F-199F-4E74-AB59-D3F05B374BC5}.Release|Any CPU.Build.0 = Release|Any CPU
	EndGlobalSection
	GlobalSection(SolutionProperties) = preSolution
		HideSolutionNode = FALSE
	EndGlobalSection
EndGlobal
